{
    "name": "purescript-cardano-key-wallet",
    "lockfileVersion": 2,
    "requires": true,
    "packages": {
        "": {
            "name": "purescript-cardano-key-wallet",
            "dependencies": {
                "@emurgo/cardano-serialization-lib-browser": "v12.0.0-alpha.31",
                "@emurgo/cardano-serialization-lib-nodejs": "v12.0.0-alpha.31",
                "@mlabs-haskell/cardano-message-signing": "^1.0.1",
                "@mlabs-haskell/cardano-serialization-lib-gc": "v12.0.0-alpha.31",
                "@mlabs-haskell/json-bigint": "^2.0.0"
            }
        },
        "node_modules/@emurgo/cardano-message-signing-browser": {
            "version": "1.0.1",
            "resolved": "https://registry.npmjs.org/@emurgo/cardano-message-signing-browser/-/cardano-message-signing-browser-1.0.1.tgz",
            "integrity": "sha512-yC4Ymq44WR0bXO1wzxCoyc2W/RD1KSAla0oYhin7IYoVkp2raGp8wt7QNF4pDdNnTcejn5fyPyYY9dL4666H1w=="
        },
        "node_modules/@emurgo/cardano-message-signing-nodejs": {
            "version": "1.0.1",
            "resolved": "https://registry.npmjs.org/@emurgo/cardano-message-signing-nodejs/-/cardano-message-signing-nodejs-1.0.1.tgz",
            "integrity": "sha512-PoKh1tQnJX18f8iEr8Jk1KXxKCn9eqaSslMI1pyOJvYRJhQVDLCh0+9YReufjp0oFJIY1ShcrR+4/WnECVZUKQ=="
        },
        "node_modules/@emurgo/cardano-serialization-lib-browser": {
            "version": "12.0.0-alpha.31",
            "resolved": "https://registry.npmjs.org/@emurgo/cardano-serialization-lib-browser/-/cardano-serialization-lib-browser-12.0.0-alpha.31.tgz",
            "integrity": "sha512-LEMiaui1ByuVuesWGUQ4CzksZJW9FeL/KL8HN2smSTjuCA3IaAp2VXZPxPjxP/0VbF+EM1aLkPn6DD02U/qy5Q=="
        },
        "node_modules/@emurgo/cardano-serialization-lib-nodejs": {
            "version": "12.0.0-alpha.31",
            "resolved": "https://registry.npmjs.org/@emurgo/cardano-serialization-lib-nodejs/-/cardano-serialization-lib-nodejs-12.0.0-alpha.31.tgz",
            "integrity": "sha512-YvE4JmTwQTM+8Blbmfa7qv44vWr3qWRn5RsfjxmyptyJwAk0Z/AfGQjYyWO/LmFsj8YCIZD2lS80LhrzzkN+Kw=="
        },
        "node_modules/@mlabs-haskell/cardano-message-signing": {
            "version": "1.0.1",
            "resolved": "https://registry.npmjs.org/@mlabs-haskell/cardano-message-signing/-/cardano-message-signing-1.0.1.tgz",
            "integrity": "sha512-LNX+Msq1rJ86d5mmaR2Om5tUqB0ZthfE69fpsZcxOYDHNw5s+qtcCyNEmzAWfHC+uIJ4NDEJA8Gk2RfWto7ChA==",
            "dependencies": {
                "@emurgo/cardano-message-signing-browser": "^1.0.1",
                "@emurgo/cardano-message-signing-nodejs": "^1.0.1"
            }
        },
        "node_modules/@mlabs-haskell/cardano-serialization-lib-gc": {
            "version": "12.0.0-alpha.31",
            "resolved": "https://registry.npmjs.org/@mlabs-haskell/cardano-serialization-lib-gc/-/cardano-serialization-lib-gc-12.0.0-alpha.31.tgz",
            "integrity": "sha512-QQBzl7rNRy7wk37uxzWJXCZfZRt3aTlfQb3kmb10ulY/janlUNETmS09OtiJbK/BdV5Fu7Gv+Mdda3ggMIL/bg==",
            "dependencies": {
                "@emurgo/cardano-serialization-lib-browser": "^12.0.0-alpha.31",
                "@emurgo/cardano-serialization-lib-nodejs": "^12.0.0-alpha.31",
                "@mlabs-haskell/csl-gc-wrapper": "^1.0.2"
            }
        },
        "node_modules/@mlabs-haskell/csl-gc-wrapper": {
            "version": "1.0.2",
            "resolved": "https://registry.npmjs.org/@mlabs-haskell/csl-gc-wrapper/-/csl-gc-wrapper-1.0.2.tgz",
            "integrity": "sha512-jyASltvC/ZVzpMUgbIkIaCLc56uGqymCPnieLkgIMWPhzcRoAxEfshjYONyxPY5XIl0NdIQXjbppXFoPQMk0VQ=="
        },
        "node_modules/@mlabs-haskell/json-bigint": {
            "version": "2.0.0",
            "resolved": "https://registry.npmjs.org/@mlabs-haskell/json-bigint/-/json-bigint-2.0.0.tgz",
            "integrity": "sha512-JX9TON+nZbt+1TJ5MNV1Gcpxp3/m56x1/glDwzGtydrzQzyZbKg4XFw9Frib6fh89YVqjSFJ9xmVeIyDJ5DxTQ=="
        }
    },
    "dependencies": {
        "@emurgo/cardano-message-signing-browser": {
            "version": "1.0.1",
            "resolved": "https://registry.npmjs.org/@emurgo/cardano-message-signing-browser/-/cardano-message-signing-browser-1.0.1.tgz",
            "integrity": "sha512-yC4Ymq44WR0bXO1wzxCoyc2W/RD1KSAla0oYhin7IYoVkp2raGp8wt7QNF4pDdNnTcejn5fyPyYY9dL4666H1w=="
        },
        "@emurgo/cardano-message-signing-nodejs": {
            "version": "1.0.1",
            "resolved": "https://registry.npmjs.org/@emurgo/cardano-message-signing-nodejs/-/cardano-message-signing-nodejs-1.0.1.tgz",
            "integrity": "sha512-PoKh1tQnJX18f8iEr8Jk1KXxKCn9eqaSslMI1pyOJvYRJhQVDLCh0+9YReufjp0oFJIY1ShcrR+4/WnECVZUKQ=="
        },
        "@emurgo/cardano-serialization-lib-browser": {
            "version": "12.0.0-alpha.31",
            "resolved": "https://registry.npmjs.org/@emurgo/cardano-serialization-lib-browser/-/cardano-serialization-lib-browser-12.0.0-alpha.31.tgz",
            "integrity": "sha512-LEMiaui1ByuVuesWGUQ4CzksZJW9FeL/KL8HN2smSTjuCA3IaAp2VXZPxPjxP/0VbF+EM1aLkPn6DD02U/qy5Q=="
        },
        "@emurgo/cardano-serialization-lib-nodejs": {
            "version": "12.0.0-alpha.31",
            "resolved": "https://registry.npmjs.org/@emurgo/cardano-serialization-lib-nodejs/-/cardano-serialization-lib-nodejs-12.0.0-alpha.31.tgz",
            "integrity": "sha512-YvE4JmTwQTM+8Blbmfa7qv44vWr3qWRn5RsfjxmyptyJwAk0Z/AfGQjYyWO/LmFsj8YCIZD2lS80LhrzzkN+Kw=="
        },
        "@mlabs-haskell/cardano-message-signing": {
            "version": "1.0.1",
            "resolved": "https://registry.npmjs.org/@mlabs-haskell/cardano-message-signing/-/cardano-message-signing-1.0.1.tgz",
            "integrity": "sha512-LNX+Msq1rJ86d5mmaR2Om5tUqB0ZthfE69fpsZcxOYDHNw5s+qtcCyNEmzAWfHC+uIJ4NDEJA8Gk2RfWto7ChA==",
            "requires": {
                "@emurgo/cardano-message-signing-browser": "^1.0.1",
                "@emurgo/cardano-message-signing-nodejs": "^1.0.1"
            }
        },
        "@mlabs-haskell/cardano-serialization-lib-gc": {
            "version": "12.0.0-alpha.31",
            "resolved": "https://registry.npmjs.org/@mlabs-haskell/cardano-serialization-lib-gc/-/cardano-serialization-lib-gc-12.0.0-alpha.31.tgz",
            "integrity": "sha512-QQBzl7rNRy7wk37uxzWJXCZfZRt3aTlfQb3kmb10ulY/janlUNETmS09OtiJbK/BdV5Fu7Gv+Mdda3ggMIL/bg==",
            "requires": {
                "@emurgo/cardano-serialization-lib-browser": "^12.0.0-alpha.31",
                "@emurgo/cardano-serialization-lib-nodejs": "^12.0.0-alpha.31",
                "@mlabs-haskell/csl-gc-wrapper": "^1.0.2"
            }
        },
        "@mlabs-haskell/csl-gc-wrapper": {
            "version": "1.0.2",
            "resolved": "https://registry.npmjs.org/@mlabs-haskell/csl-gc-wrapper/-/csl-gc-wrapper-1.0.2.tgz",
            "integrity": "sha512-jyASltvC/ZVzpMUgbIkIaCLc56uGqymCPnieLkgIMWPhzcRoAxEfshjYONyxPY5XIl0NdIQXjbppXFoPQMk0VQ=="
        },
        "@mlabs-haskell/json-bigint": {
            "version": "2.0.0",
            "resolved": "https://registry.npmjs.org/@mlabs-haskell/json-bigint/-/json-bigint-2.0.0.tgz",
            "integrity": "sha512-JX9TON+nZbt+1TJ5MNV1Gcpxp3/m56x1/glDwzGtydrzQzyZbKg4XFw9Frib6fh89YVqjSFJ9xmVeIyDJ5DxTQ=="
        }
    }
}
